
Microsoft Visual Studio Solution File, Format Version 12.00
# Visual Studio Version 17
VisualStudioVersion = 17.0.31903.59
MinimumVisualStudioVersion = 10.0.40219.1
Project("{9A19103F-16F7-4668-BE54-9A1E7A4F7556}") = "JCMS.Web", "JCMS.Web\JCMS.Web.csproj", "{9B3CAE67-B22D-4E23-8396-B37213B24C9D}"
EndProject
Project("{9A19103F-16F7-4668-BE54-9A1E7A4F7556}") = "JCMS.Core", "JCMS.Core\JCMS.Core.csproj", "{62931E02-83DC-4890-8DF9-1B5AE0196D2B}"
EndProject
Project("{9A19103F-16F7-4668-BE54-9A1E7A4F7556}") = "JCMS.Model", "JCMS.Model\JCMS.Model.csproj", "{626AFFEF-2BFC-43B1-8F62-FD83C5C3ACA4}"
EndProject
Project("{9A19103F-16F7-4668-BE54-9A1E7A4F7556}") = "JCMS.Repository", "JCMS.Repository\JCMS.Repository.csproj", "{53A04027-17B9-4CC0-B4AA-3E469623FAE3}"
EndProject
Global
	GlobalSection(SolutionConfigurationPlatforms) = preSolution
		Debug|Any CPU = Debug|Any CPU
		Release|Any CPU = Release|Any CPU
	EndGlobalSection
	GlobalSection(ProjectConfigurationPlatforms) = postSolution
		{9B3CAE67-B22D-4E23-8396-B37213B24C9D}.Debug|Any CPU.ActiveCfg = Debug|Any CPU
		{9B3CAE67-B22D-4E23-8396-B37213B24C9D}.Debug|Any CPU.Build.0 = Debug|Any CPU
		{9B3CAE67-B22D-4E23-8396-B37213B24C9D}.Release|Any CPU.ActiveCfg = Release|Any CPU
		{9B3CAE67-B22D-4E23-8396-B37213B24C9D}.Release|Any CPU.Build.0 = Release|Any CPU
		{62931E02-83DC-4890-8DF9-1B5AE0196D2B}.Debug|Any CPU.ActiveCfg = Debug|Any CPU
		{62931E02-83DC-4890-8DF9-1B5AE0196D2B}.Debug|Any CPU.Build.0 = Debug|Any CPU
		{62931E02-83DC-4890-8DF9-1B5AE0196D2B}.Release|Any CPU.ActiveCfg = Release|Any CPU
		{62931E02-83DC-4890-8DF9-1B5AE0196D2B}.Release|Any CPU.Build.0 = Release|Any CPU
		{626AFFEF-2BFC-43B1-8F62-FD83C5C3ACA4}.Debug|Any CPU.ActiveCfg = Debug|Any CPU
		{626AFFEF-2BFC-43B1-8F62-FD83C5C3ACA4}.Debug|Any CPU.Build.0 = Debug|Any CPU
		{626AFFEF-2BFC-43B1-8F62-FD83C5C3ACA4}.Release|Any CPU.ActiveCfg = Release|Any CPU
		{626AFFEF-2BFC-43B1-8F62-FD83C5C3ACA4}.Release|Any CPU.Build.0 = Release|Any CPU
		{53A04027-17B9-4CC0-B4AA-3E469623FAE3}.Debug|Any CPU.ActiveCfg = Debug|Any CPU
		{53A04027-17B9-4CC0-B4AA-3E469623FAE3}.Debug|Any CPU.Build.0 = Debug|Any CPU
		{53A04027-17B9-4CC0-B4AA-3E469623FAE3}.Release|Any CPU.ActiveCfg = Release|Any CPU
		{53A04027-17B9-4CC0-B4AA-3E469623FAE3}.Release|Any CPU.Build.0 = Release|Any CPU
	EndGlobalSection
	GlobalSection(SolutionProperties) = preSolution
		HideSolutionNode = FALSE
	EndGlobalSection
	GlobalSection(ExtensibilityGlobals) = postSolution
		SolutionGuid = {3EBDE780-7955-44C0-9258-79473B78C948}
	EndGlobalSection
EndGlobal
